{
  "nodes": {
    "flake-utils": {
      "locked": {
        "lastModified": 1659877975,
        "narHash": "sha256-zllb8aq3YO3h8B/U0/J1WBgAL8EX5yWf5pMj3G0NAmc=",
        "owner": "numtide",
        "repo": "flake-utils",
        "rev": "c0e246b9b83f637f4681389ecabcb2681b4f3af0",
        "type": "github"
      },
      "original": {
        "owner": "numtide",
        "repo": "flake-utils",
        "type": "github"
      }
    },
    "nixpkgs": {
      "locked": {
        "lastModified": 1660661643,
        "narHash": "sha256-WlgPb7KLTZUeY31o9HWhu37pvgA76MKwakaXefkaIB4=",
        "owner": "nixos",
        "repo": "nixpkgs",
        "rev": "a82127cea64fd801c5e138ae23dfd444ec1e06d1",
        "type": "github"
      },
      "original": {
        "owner": "nixos",
        "ref": "release-22.05",
        "repo": "nixpkgs",
        "type": "github"
      }
    },
    "nixpkgs-darwin": {
      "locked": {
        "lastModified": 1667606887,
        "narHash": "sha256-vBbMJFvvssw4s2HS6pSSXaTcRmqOLs9Mm4DOoT0Sp5U=",
        "owner": "nixos",
        "repo": "nixpkgs",
        "rev": "bcdd40cd4a614fcca4c818fb1da0b068834fea0a",
        "type": "github"
      },
      "original": {
        "owner": "nixos",
        "ref": "nixpkgs-22.05-darwin",
        "repo": "nixpkgs",
        "type": "github"
      }
    },
    "root": {
      "inputs": {
        "flake-utils": "flake-utils",
        "nixpkgs": "nixpkgs",
        "nixpkgs-darwin": "nixpkgs-darwin"
      }
    }
  },
  "root": "root",
  "version": 7
}
